
Microsoft Visual Studio Solution File, Format Version 12.00
# Visual Studio 15
VisualStudioVersion = 15.0.28010.2036
MinimumVisualStudioVersion = 10.0.40219.1
Project("{FAE04EC0-301F-11D3-BF4B-00C04F79EFBC}") = "WindowsFormsApp1", "WindowsFormsApp1\WindowsFormsApp1.csproj", "{C2288740-7B33-4754-8BA8-405FCC653E60}"
EndProject
Global
	GlobalSection(SolutionConfigurationPlatforms) = preSolution
		Debug|Any CPU = Debug|Any CPU
		Release|Any CPU = Release|Any CPU
	EndGlobalSection
	GlobalSection(ProjectConfigurationPlatforms) = postSolution
		{C2288740-7B33-4754-8BA8-405FCC653E60}.Debug|Any CPU.ActiveCfg = Debug|Any CPU
		{C2288740-7B33-4754-8BA8-405FCC653E60}.Debug|Any CPU.Build.0 = Debug|Any CPU
		{C2288740-7B33-4754-8BA8-405FCC653E60}.Release|Any CPU.ActiveCfg = Release|Any CPU
		{C2288740-7B33-4754-8BA8-405FCC653E60}.Release|Any CPU.Build.0 = Release|Any CPU
	EndGlobalSection
	GlobalSection(SolutionProperties) = preSolution
		HideSolutionNode = FALSE
	EndGlobalSection
	GlobalSection(ExtensibilityGlobals) = postSolution
		SolutionGuid = {1721D551-90A8-4808-BCE5-2734E3DF480C}
	EndGlobalSection
EndGlobal
